
Microsoft Visual Studio Solution File, Format Version 12.00
# Visual Studio 2013
VisualStudioVersion = 12.0.31101.0
MinimumVisualStudioVersion = 10.0.40219.1
Project("{8BC9CEB8-8B4A-11D0-8D11-00A0C91BC942}") = "Color", "Color\Color.vcxproj", "{10D7FFE7-5FE1-40A4-B5A5-7C331FB06CF3}"
EndProject
Project("{8BC9CEB8-8B4A-11D0-8D11-00A0C91BC942}") = "Depth", "Depth\Depth.vcxproj", "{F51A2373-FFA6-410C-9743-DDEBEFFE0DA4}"
EndProject
Project("{8BC9CEB8-8B4A-11D0-8D11-00A0C91BC942}") = "BodyIndex", "BodyIndex\BodyIndex.vcxproj", "{2019E947-6FE3-44BF-93B1-A15F30A8009F}"
EndProject
Project("{8BC9CEB8-8B4A-11D0-8D11-00A0C91BC942}") = "Body", "Body\Body.vcxproj", "{4ADCDF89-D643-44FB-AF03-8BD11C0BB079}"
EndProject
Project("{8BC9CEB8-8B4A-11D0-8D11-00A0C91BC942}") = "Infrared", "Infrared\Infrared.vcxproj", "{985C49FD-CA42-4C2B-B689-18F186D1A993}"
EndProject
Project("{8BC9CEB8-8B4A-11D0-8D11-00A0C91BC942}") = "Event", "Event\Event.vcxproj", "{6670B165-6765-4140-8384-CA17CDC93BDD}"
EndProject
Project("{8BC9CEB8-8B4A-11D0-8D11-00A0C91BC942}") = "AudioBeam", "AudioBeam\AudioBeam.vcxproj", "{A0AD194D-9012-46A9-BC79-C08C8F7028CA}"
EndProject
Project("{8BC9CEB8-8B4A-11D0-8D11-00A0C91BC942}") = "Speech", "Speech\Speech.vcxproj", "{62E3E504-DB3B-4BA9-AB73-DADFA51AA91D}"
EndProject
Project("{8BC9CEB8-8B4A-11D0-8D11-00A0C91BC942}") = "AudioBody", "AudioBody\AudioBody.vcxproj", "{15B5834A-2909-451E-850F-BD6B420BDFFC}"
EndProject
Project("{8BC9CEB8-8B4A-11D0-8D11-00A0C91BC942}") = "Gesture", "Gesture\Gesture.vcxproj", "{86B8598D-069C-40AC-AE3A-7351E93FFA2D}"
EndProject
Project("{8BC9CEB8-8B4A-11D0-8D11-00A0C91BC942}") = "Face", "Face\Face.vcxproj", "{26EF1140-0B93-40CF-A1AC-3F02C79E2FF6}"
EndProject
Project("{8BC9CEB8-8B4A-11D0-8D11-00A0C91BC942}") = "LongExposureInfrared", "LongExposureInfrared\LongExposureInfrared.vcxproj", "{D1E65A0F-30AE-4299-9EDB-9B83ABD56743}"
EndProject
Project("{8BC9CEB8-8B4A-11D0-8D11-00A0C91BC942}") = "CoodinateMapper", "CoodinateMapper\CoodinateMapper.vcxproj", "{DED46CC5-0CF0-42AD-8BF9-5A2D849D400A}"
EndProject
Project("{8BC9CEB8-8B4A-11D0-8D11-00A0C91BC942}") = "Fusion", "Fusion\Fusion.vcxproj", "{E4DDC2E5-0BF3-4D17-ABD1-9384DD691DC2}"
EndProject
Project("{8BC9CEB8-8B4A-11D0-8D11-00A0C91BC942}") = "HDFace", "HDFace\HDFace.vcxproj", "{80CD7ACC-5D89-41A2-BCCB-A410586BA31C}"
EndProject
Project("{8BC9CEB8-8B4A-11D0-8D11-00A0C91BC942}") = "Controls", "Controls\Controls.vcxproj", "{61087C0F-2D29-4B51-9791-1E0BC76EA5FE}"
EndProject
Global
	GlobalSection(SolutionConfigurationPlatforms) = preSolution
		Debug|Win32 = Debug|Win32
		Debug|x64 = Debug|x64
		Release|Win32 = Release|Win32
		Release|x64 = Release|x64
	EndGlobalSection
	GlobalSection(ProjectConfigurationPlatforms) = postSolution
		{10D7FFE7-5FE1-40A4-B5A5-7C331FB06CF3}.Debug|Win32.ActiveCfg = Debug|Win32
		{10D7FFE7-5FE1-40A4-B5A5-7C331FB06CF3}.Debug|Win32.Build.0 = Debug|Win32
		{10D7FFE7-5FE1-40A4-B5A5-7C331FB06CF3}.Debug|x64.ActiveCfg = Debug|x64
		{10D7FFE7-5FE1-40A4-B5A5-7C331FB06CF3}.Debug|x64.Build.0 = Debug|x64
		{10D7FFE7-5FE1-40A4-B5A5-7C331FB06CF3}.Release|Win32.ActiveCfg = Release|Win32
		{10D7FFE7-5FE1-40A4-B5A5-7C331FB06CF3}.Release|Win32.Build.0 = Release|Win32
		{10D7FFE7-5FE1-40A4-B5A5-7C331FB06CF3}.Release|x64.ActiveCfg = Release|x64
		{10D7FFE7-5FE1-40A4-B5A5-7C331FB06CF3}.Release|x64.Build.0 = Release|x64
		{F51A2373-FFA6-410C-9743-DDEBEFFE0DA4}.Debug|Win32.ActiveCfg = Debug|Win32
		{F51A2373-FFA6-410C-9743-DDEBEFFE0DA4}.Debug|Win32.Build.0 = Debug|Win32
		{F51A2373-FFA6-410C-9743-DDEBEFFE0DA4}.Debug|x64.ActiveCfg = Debug|x64
		{F51A2373-FFA6-410C-9743-DDEBEFFE0DA4}.Debug|x64.Build.0 = Debug|x64
		{F51A2373-FFA6-410C-9743-DDEBEFFE0DA4}.Release|Win32.ActiveCfg = Release|Win32
		{F51A2373-FFA6-410C-9743-DDEBEFFE0DA4}.Release|Win32.Build.0 = Release|Win32
		{F51A2373-FFA6-410C-9743-DDEBEFFE0DA4}.Release|x64.ActiveCfg = Release|x64
		{F51A2373-FFA6-410C-9743-DDEBEFFE0DA4}.Release|x64.Build.0 = Release|x64
		{2019E947-6FE3-44BF-93B1-A15F30A8009F}.Debug|Win32.ActiveCfg = Debug|Win32
		{2019E947-6FE3-44BF-93B1-A15F30A8009F}.Debug|Win32.Build.0 = Debug|Win32
		{2019E947-6FE3-44BF-93B1-A15F30A8009F}.Debug|x64.ActiveCfg = Debug|x64
		{2019E947-6FE3-44BF-93B1-A15F30A8009F}.Debug|x64.Build.0 = Debug|x64
		{2019E947-6FE3-44BF-93B1-A15F30A8009F}.Release|Win32.ActiveCfg = Release|Win32
		{2019E947-6FE3-44BF-93B1-A15F30A8009F}.Release|Win32.Build.0 = Release|Win32
		{2019E947-6FE3-44BF-93B1-A15F30A8009F}.Release|x64.ActiveCfg = Release|x64
		{2019E947-6FE3-44BF-93B1-A15F30A8009F}.Release|x64.Build.0 = Release|x64
		{4ADCDF89-D643-44FB-AF03-8BD11C0BB079}.Debug|Win32.ActiveCfg = Debug|Win32
		{4ADCDF89-D643-44FB-AF03-8BD11C0BB079}.Debug|Win32.Build.0 = Debug|Win32
		{4ADCDF89-D643-44FB-AF03-8BD11C0BB079}.Debug|x64.ActiveCfg = Debug|x64
		{4ADCDF89-D643-44FB-AF03-8BD11C0BB079}.Debug|x64.Build.0 = Debug|x64
		{4ADCDF89-D643-44FB-AF03-8BD11C0BB079}.Release|Win32.ActiveCfg = Release|Win32
		{4ADCDF89-D643-44FB-AF03-8BD11C0BB079}.Release|Win32.Build.0 = Release|Win32
		{4ADCDF89-D643-44FB-AF03-8BD11C0BB079}.Release|x64.ActiveCfg = Release|x64
		{4ADCDF89-D643-44FB-AF03-8BD11C0BB079}.Release|x64.Build.0 = Release|x64
		{985C49FD-CA42-4C2B-B689-18F186D1A993}.Debug|Win32.ActiveCfg = Debug|Win32
		{985C49FD-CA42-4C2B-B689-18F186D1A993}.Debug|Win32.Build.0 = Debug|Win32
		{985C49FD-CA42-4C2B-B689-18F186D1A993}.Debug|x64.ActiveCfg = Debug|x64
		{985C49FD-CA42-4C2B-B689-18F186D1A993}.Debug|x64.Build.0 = Debug|x64
		{985C49FD-CA42-4C2B-B689-18F186D1A993}.Release|Win32.ActiveCfg = Release|Win32
		{985C49FD-CA42-4C2B-B689-18F186D1A993}.Release|Win32.Build.0 = Release|Win32
		{985C49FD-CA42-4C2B-B689-18F186D1A993}.Release|x64.ActiveCfg = Release|x64
		{985C49FD-CA42-4C2B-B689-18F186D1A993}.Release|x64.Build.0 = Release|x64
		{6670B165-6765-4140-8384-CA17CDC93BDD}.Debug|Win32.ActiveCfg = Debug|Win32
		{6670B165-6765-4140-8384-CA17CDC93BDD}.Debug|Win32.Build.0 = Debug|Win32
		{6670B165-6765-4140-8384-CA17CDC93BDD}.Debug|x64.ActiveCfg = Debug|x64
		{6670B165-6765-4140-8384-CA17CDC93BDD}.Debug|x64.Build.0 = Debug|x64
		{6670B165-6765-4140-8384-CA17CDC93BDD}.Release|Win32.ActiveCfg = Release|Win32
		{6670B165-6765-4140-8384-CA17CDC93BDD}.Release|Win32.Build.0 = Release|Win32
		{6670B165-6765-4140-8384-CA17CDC93BDD}.Release|x64.ActiveCfg = Release|x64
		{6670B165-6765-4140-8384-CA17CDC93BDD}.Release|x64.Build.0 = Release|x64
		{A0AD194D-9012-46A9-BC79-C08C8F7028CA}.Debug|Win32.ActiveCfg = Debug|Win32
		{A0AD194D-9012-46A9-BC79-C08C8F7028CA}.Debug|Win32.Build.0 = Debug|Win32
		{A0AD194D-9012-46A9-BC79-C08C8F7028CA}.Debug|x64.ActiveCfg = Debug|x64
		{A0AD194D-9012-46A9-BC79-C08C8F7028CA}.Debug|x64.Build.0 = Debug|x64
		{A0AD194D-9012-46A9-BC79-C08C8F7028CA}.Release|Win32.ActiveCfg = Release|Win32
		{A0AD194D-9012-46A9-BC79-C08C8F7028CA}.Release|Win32.Build.0 = Release|Win32
		{A0AD194D-9012-46A9-BC79-C08C8F7028CA}.Release|x64.ActiveCfg = Release|x64
		{A0AD194D-9012-46A9-BC79-C08C8F7028CA}.Release|x64.Build.0 = Release|x64
		{62E3E504-DB3B-4BA9-AB73-DADFA51AA91D}.Debug|Win32.ActiveCfg = Debug|Win32
		{62E3E504-DB3B-4BA9-AB73-DADFA51AA91D}.Debug|Win32.Build.0 = Debug|Win32
		{62E3E504-DB3B-4BA9-AB73-DADFA51AA91D}.Debug|x64.ActiveCfg = Debug|x64
		{62E3E504-DB3B-4BA9-AB73-DADFA51AA91D}.Debug|x64.Build.0 = Debug|x64
		{62E3E504-DB3B-4BA9-AB73-DADFA51AA91D}.Release|Win32.ActiveCfg = Release|Win32
		{62E3E504-DB3B-4BA9-AB73-DADFA51AA91D}.Release|Win32.Build.0 = Release|Win32
		{62E3E504-DB3B-4BA9-AB73-DADFA51AA91D}.Release|x64.ActiveCfg = Release|x64
		{62E3E504-DB3B-4BA9-AB73-DADFA51AA91D}.Release|x64.Build.0 = Release|x64
		{15B5834A-2909-451E-850F-BD6B420BDFFC}.Debug|Win32.ActiveCfg = Debug|Win32
		{15B5834A-2909-451E-850F-BD6B420BDFFC}.Debug|Win32.Build.0 = Debug|Win32
		{15B5834A-2909-451E-850F-BD6B420BDFFC}.Debug|x64.ActiveCfg = Debug|x64
		{15B5834A-2909-451E-850F-BD6B420BDFFC}.Debug|x64.Build.0 = Debug|x64
		{15B5834A-2909-451E-850F-BD6B420BDFFC}.Release|Win32.ActiveCfg = Release|Win32
		{15B5834A-2909-451E-850F-BD6B420BDFFC}.Release|Win32.Build.0 = Release|Win32
		{15B5834A-2909-451E-850F-BD6B420BDFFC}.Release|x64.ActiveCfg = Release|x64
		{15B5834A-2909-451E-850F-BD6B420BDFFC}.Release|x64.Build.0 = Release|x64
		{86B8598D-069C-40AC-AE3A-7351E93FFA2D}.Debug|Win32.ActiveCfg = Debug|Win32
		{86B8598D-069C-40AC-AE3A-7351E93FFA2D}.Debug|Win32.Build.0 = Debug|Win32
		{86B8598D-069C-40AC-AE3A-7351E93FFA2D}.Debug|x64.ActiveCfg = Debug|x64
		{86B8598D-069C-40AC-AE3A-7351E93FFA2D}.Debug|x64.Build.0 = Debug|x64
		{86B8598D-069C-40AC-AE3A-7351E93FFA2D}.Release|Win32.ActiveCfg = Release|Win32
		{86B8598D-069C-40AC-AE3A-7351E93FFA2D}.Release|Win32.Build.0 = Release|Win32
		{86B8598D-069C-40AC-AE3A-7351E93FFA2D}.Release|x64.ActiveCfg = Release|x64
		{86B8598D-069C-40AC-AE3A-7351E93FFA2D}.Release|x64.Build.0 = Release|x64
		{26EF1140-0B93-40CF-A1AC-3F02C79E2FF6}.Debug|Win32.ActiveCfg = Debug|Win32
		{26EF1140-0B93-40CF-A1AC-3F02C79E2FF6}.Debug|Win32.Build.0 = Debug|Win32
		{26EF1140-0B93-40CF-A1AC-3F02C79E2FF6}.Debug|x64.ActiveCfg = Debug|x64
		{26EF1140-0B93-40CF-A1AC-3F02C79E2FF6}.Debug|x64.Build.0 = Debug|x64
		{26EF1140-0B93-40CF-A1AC-3F02C79E2FF6}.Release|Win32.ActiveCfg = Release|Win32
		{26EF1140-0B93-40CF-A1AC-3F02C79E2FF6}.Release|Win32.Build.0 = Release|Win32
		{26EF1140-0B93-40CF-A1AC-3F02C79E2FF6}.Release|x64.ActiveCfg = Release|x64
		{26EF1140-0B93-40CF-A1AC-3F02C79E2FF6}.Release|x64.Build.0 = Release|x64
		{D1E65A0F-30AE-4299-9EDB-9B83ABD56743}.Debug|Win32.ActiveCfg = Debug|Win32
		{D1E65A0F-30AE-4299-9EDB-9B83ABD56743}.Debug|Win32.Build.0 = Debug|Win32
		{D1E65A0F-30AE-4299-9EDB-9B83ABD56743}.Debug|x64.ActiveCfg = Debug|x64
		{D1E65A0F-30AE-4299-9EDB-9B83ABD56743}.Debug|x64.Build.0 = Debug|x64
		{D1E65A0F-30AE-4299-9EDB-9B83ABD56743}.Release|Win32.ActiveCfg = Release|Win32
		{D1E65A0F-30AE-4299-9EDB-9B83ABD56743}.Release|Win32.Build.0 = Release|Win32
		{D1E65A0F-30AE-4299-9EDB-9B83ABD56743}.Release|x64.ActiveCfg = Release|x64
		{D1E65A0F-30AE-4299-9EDB-9B83ABD56743}.Release|x64.Build.0 = Release|x64
		{DED46CC5-0CF0-42AD-8BF9-5A2D849D400A}.Debug|Win32.ActiveCfg = Debug|Win32
		{DED46CC5-0CF0-42AD-8BF9-5A2D849D400A}.Debug|Win32.Build.0 = Debug|Win32
		{DED46CC5-0CF0-42AD-8BF9-5A2D849D400A}.Debug|x64.ActiveCfg = Debug|x64
		{DED46CC5-0CF0-42AD-8BF9-5A2D849D400A}.Debug|x64.Build.0 = Debug|x64
		{DED46CC5-0CF0-42AD-8BF9-5A2D849D400A}.Release|Win32.ActiveCfg = Release|Win32
		{DED46CC5-0CF0-42AD-8BF9-5A2D849D400A}.Release|Win32.Build.0 = Release|Win32
		{DED46CC5-0CF0-42AD-8BF9-5A2D849D400A}.Release|x64.ActiveCfg = Release|x64
		{DED46CC5-0CF0-42AD-8BF9-5A2D849D400A}.Release|x64.Build.0 = Release|x64
		{E4DDC2E5-0BF3-4D17-ABD1-9384DD691DC2}.Debug|Win32.ActiveCfg = Debug|Win32
		{E4DDC2E5-0BF3-4D17-ABD1-9384DD691DC2}.Debug|Win32.Build.0 = Debug|Win32
		{E4DDC2E5-0BF3-4D17-ABD1-9384DD691DC2}.Debug|x64.ActiveCfg = Debug|x64
		{E4DDC2E5-0BF3-4D17-ABD1-9384DD691DC2}.Debug|x64.Build.0 = Debug|x64
		{E4DDC2E5-0BF3-4D17-ABD1-9384DD691DC2}.Release|Win32.ActiveCfg = Release|Win32
		{E4DDC2E5-0BF3-4D17-ABD1-9384DD691DC2}.Release|Win32.Build.0 = Release|Win32
		{E4DDC2E5-0BF3-4D17-ABD1-9384DD691DC2}.Release|x64.ActiveCfg = Release|x64
		{E4DDC2E5-0BF3-4D17-ABD1-9384DD691DC2}.Release|x64.Build.0 = Release|x64
		{80CD7ACC-5D89-41A2-BCCB-A410586BA31C}.Debug|Win32.ActiveCfg = Debug|Win32
		{80CD7ACC-5D89-41A2-BCCB-A410586BA31C}.Debug|Win32.Build.0 = Debug|Win32
		{80CD7ACC-5D89-41A2-BCCB-A410586BA31C}.Debug|x64.ActiveCfg = Debug|x64
		{80CD7ACC-5D89-41A2-BCCB-A410586BA31C}.Debug|x64.Build.0 = Debug|x64
		{80CD7ACC-5D89-41A2-BCCB-A410586BA31C}.Release|Win32.ActiveCfg = Release|Win32
		{80CD7ACC-5D89-41A2-BCCB-A410586BA31C}.Release|Win32.Build.0 = Release|Win32
		{80CD7ACC-5D89-41A2-BCCB-A410586BA31C}.Release|x64.ActiveCfg = Release|x64
		{80CD7ACC-5D89-41A2-BCCB-A410586BA31C}.Release|x64.Build.0 = Release|x64
		{61087C0F-2D29-4B51-9791-1E0BC76EA5FE}.Debug|Win32.ActiveCfg = Debug|Win32
		{61087C0F-2D29-4B51-9791-1E0BC76EA5FE}.Debug|Win32.Build.0 = Debug|Win32
		{61087C0F-2D29-4B51-9791-1E0BC76EA5FE}.Debug|x64.ActiveCfg = Debug|x64
		{61087C0F-2D29-4B51-9791-1E0BC76EA5FE}.Debug|x64.Build.0 = Debug|x64
		{61087C0F-2D29-4B51-9791-1E0BC76EA5FE}.Release|Win32.ActiveCfg = Release|Win32
		{61087C0F-2D29-4B51-9791-1E0BC76EA5FE}.Release|Win32.Build.0 = Release|Win32
		{61087C0F-2D29-4B51-9791-1E0BC76EA5FE}.Release|x64.ActiveCfg = Release|x64
		{61087C0F-2D29-4B51-9791-1E0BC76EA5FE}.Release|x64.Build.0 = Release|x64
	EndGlobalSection
	GlobalSection(SolutionProperties) = preSolution
		HideSolutionNode = FALSE
	EndGlobalSection
EndGlobal
